
Microsoft Visual Studio Solution File, Format Version 12.00
# Visual Studio Version 17
VisualStudioVersion = 17.2.32516.85
MinimumVisualStudioVersion = 10.0.40219.1
Project("{9A19103F-16F7-4668-BE54-9A1E7A4F7556}") = "VismaInternalMeeting", "VismaInternalMeeting.csproj", "{C375B8C8-D592-483C-AFFA-081096B8226E}"
EndProject
Project("{FAE04EC0-301F-11D3-BF4B-00C04F79EFBC}") = "VismaInternalMeetingUnitTests", "..\VismaInternalMeetingUnitTests\VismaInternalMeetingUnitTests.csproj", "{244491ED-E355-448C-9DCE-4A58FC0D0896}"
EndProject
Global
	GlobalSection(SolutionConfigurationPlatforms) = preSolution
		Debug|Any CPU = Debug|Any CPU
		Release|Any CPU = Release|Any CPU
	EndGlobalSection
	GlobalSection(ProjectConfigurationPlatforms) = postSolution
		{C375B8C8-D592-483C-AFFA-081096B8226E}.Debug|Any CPU.ActiveCfg = Debug|Any CPU
		{C375B8C8-D592-483C-AFFA-081096B8226E}.Debug|Any CPU.Build.0 = Debug|Any CPU
		{C375B8C8-D592-483C-AFFA-081096B8226E}.Release|Any CPU.ActiveCfg = Release|Any CPU
		{C375B8C8-D592-483C-AFFA-081096B8226E}.Release|Any CPU.Build.0 = Release|Any CPU
		{244491ED-E355-448C-9DCE-4A58FC0D0896}.Debug|Any CPU.ActiveCfg = Debug|Any CPU
		{244491ED-E355-448C-9DCE-4A58FC0D0896}.Debug|Any CPU.Build.0 = Debug|Any CPU
		{244491ED-E355-448C-9DCE-4A58FC0D0896}.Release|Any CPU.ActiveCfg = Release|Any CPU
		{244491ED-E355-448C-9DCE-4A58FC0D0896}.Release|Any CPU.Build.0 = Release|Any CPU
	EndGlobalSection
	GlobalSection(SolutionProperties) = preSolution
		HideSolutionNode = FALSE
	EndGlobalSection
	GlobalSection(ExtensibilityGlobals) = postSolution
		SolutionGuid = {811D4BB8-0C2A-4404-9E64-471E4AB6A63C}
	EndGlobalSection
EndGlobal
